
Microsoft Visual Studio Solution File, Format Version 12.00
# Visual Studio 15
VisualStudioVersion = 15.0.27703.2000
MinimumVisualStudioVersion = 10.0.40219.1
Project("{FAE04EC0-301F-11D3-BF4B-00C04F79EFBC}") = "hangmancsharp", "hangmancsharp\hangmancsharp.csproj", "{6675F4DA-5B99-42ED-8C7B-E72857DF558B}"
EndProject
Global
	GlobalSection(SolutionConfigurationPlatforms) = preSolution
		Debug|Any CPU = Debug|Any CPU
		Release|Any CPU = Release|Any CPU
	EndGlobalSection
	GlobalSection(ProjectConfigurationPlatforms) = postSolution
		{6675F4DA-5B99-42ED-8C7B-E72857DF558B}.Debug|Any CPU.ActiveCfg = Debug|Any CPU
		{6675F4DA-5B99-42ED-8C7B-E72857DF558B}.Debug|Any CPU.Build.0 = Debug|Any CPU
		{6675F4DA-5B99-42ED-8C7B-E72857DF558B}.Release|Any CPU.ActiveCfg = Release|Any CPU
		{6675F4DA-5B99-42ED-8C7B-E72857DF558B}.Release|Any CPU.Build.0 = Release|Any CPU
	EndGlobalSection
	GlobalSection(SolutionProperties) = preSolution
		HideSolutionNode = FALSE
	EndGlobalSection
	GlobalSection(ExtensibilityGlobals) = postSolution
		SolutionGuid = {4055701A-B07A-4E4D-BB95-65FA09FF8E3C}
	EndGlobalSection
EndGlobal
